
Microsoft Visual Studio Solution File, Format Version 12.00
# Visual Studio Version 16
VisualStudioVersion = 16.0.31025.194
MinimumVisualStudioVersion = 10.0.40219.1
Project("{FAE04EC0-301F-11D3-BF4B-00C04F79EFBC}") = "ClientRest_20190140072_AnisaNurfadila", "ClientRest_20190140072_AnisaNurfadila\ClientRest_20190140072_AnisaNurfadila.csproj", "{E8431CAE-33D8-4B71-8FE9-D9B2E4E93430}"
EndProject
Global
	GlobalSection(SolutionConfigurationPlatforms) = preSolution
		Debug|Any CPU = Debug|Any CPU
		Release|Any CPU = Release|Any CPU
	EndGlobalSection
	GlobalSection(ProjectConfigurationPlatforms) = postSolution
		{E8431CAE-33D8-4B71-8FE9-D9B2E4E93430}.Debug|Any CPU.ActiveCfg = Debug|Any CPU
		{E8431CAE-33D8-4B71-8FE9-D9B2E4E93430}.Debug|Any CPU.Build.0 = Debug|Any CPU
		{E8431CAE-33D8-4B71-8FE9-D9B2E4E93430}.Release|Any CPU.ActiveCfg = Release|Any CPU
		{E8431CAE-33D8-4B71-8FE9-D9B2E4E93430}.Release|Any CPU.Build.0 = Release|Any CPU
	EndGlobalSection
	GlobalSection(SolutionProperties) = preSolution
		HideSolutionNode = FALSE
	EndGlobalSection
	GlobalSection(ExtensibilityGlobals) = postSolution
		SolutionGuid = {8243BD42-1CE0-4CF3-9EAE-6B0DCD5E71BE}
	EndGlobalSection
EndGlobal
